
Microsoft Visual Studio Solution File, Format Version 12.00
# Visual Studio Version 17
VisualStudioVersion = 17.11.35303.130
MinimumVisualStudioVersion = 10.0.40219.1
Project("{FAE04EC0-301F-11D3-BF4B-00C04F79EFBC}") = "IbragimovIlshat41", "IbragimovIlshat41\IbragimovIlshat41.csproj", "{A6A369BC-CF8F-41EF-9457-DF27FA60F049}"
EndProject
Global
	GlobalSection(SolutionConfigurationPlatforms) = preSolution
		Debug|Any CPU = Debug|Any CPU
		Release|Any CPU = Release|Any CPU
	EndGlobalSection
	GlobalSection(ProjectConfigurationPlatforms) = postSolution
		{A6A369BC-CF8F-41EF-9457-DF27FA60F049}.Debug|Any CPU.ActiveCfg = Debug|Any CPU
		{A6A369BC-CF8F-41EF-9457-DF27FA60F049}.Debug|Any CPU.Build.0 = Debug|Any CPU
		{A6A369BC-CF8F-41EF-9457-DF27FA60F049}.Release|Any CPU.ActiveCfg = Release|Any CPU
		{A6A369BC-CF8F-41EF-9457-DF27FA60F049}.Release|Any CPU.Build.0 = Release|Any CPU
	EndGlobalSection
	GlobalSection(SolutionProperties) = preSolution
		HideSolutionNode = FALSE
	EndGlobalSection
	GlobalSection(ExtensibilityGlobals) = postSolution
		SolutionGuid = {02CE7A49-EB98-422B-AE41-64B573C4531D}
	EndGlobalSection
EndGlobal
